
Microsoft Visual Studio Solution File, Format Version 12.00
# Visual Studio Version 17
VisualStudioVersion = 17.1.32328.378
MinimumVisualStudioVersion = 10.0.40219.1
Project("{FAE04EC0-301F-11D3-BF4B-00C04F79EFBC}") = "ZbrojIProsjek", "ZbrojIProsjek\ZbrojIProsjek.csproj", "{039C4DFD-467D-4634-A96D-80B68B23FE7A}"
EndProject
Global
	GlobalSection(SolutionConfigurationPlatforms) = preSolution
		Debug|Any CPU = Debug|Any CPU
		Release|Any CPU = Release|Any CPU
	EndGlobalSection
	GlobalSection(ProjectConfigurationPlatforms) = postSolution
		{039C4DFD-467D-4634-A96D-80B68B23FE7A}.Debug|Any CPU.ActiveCfg = Debug|Any CPU
		{039C4DFD-467D-4634-A96D-80B68B23FE7A}.Debug|Any CPU.Build.0 = Debug|Any CPU
		{039C4DFD-467D-4634-A96D-80B68B23FE7A}.Release|Any CPU.ActiveCfg = Release|Any CPU
		{039C4DFD-467D-4634-A96D-80B68B23FE7A}.Release|Any CPU.Build.0 = Release|Any CPU
	EndGlobalSection
	GlobalSection(SolutionProperties) = preSolution
		HideSolutionNode = FALSE
	EndGlobalSection
	GlobalSection(ExtensibilityGlobals) = postSolution
		SolutionGuid = {C367C4AD-9354-4C65-B067-C5FFA3180E81}
	EndGlobalSection
EndGlobal
